# This file is automatically @generated by Cargo.
# It is not intended for manual editing.
version = 4

[[package]]
name = "recall-proxy-config"
version = "0.1.0"

[[package]]
name = "recall-proxy-core"
version = "0.1.0"

[[package]]
name = "recall-proxy-gateway"
version = "0.1.0"
dependencies = [
 "recall-proxy-config",
 "recall-proxy-core",
]

[[package]]
name = "recall-proxy-hindsight-worker"
version = "0.1.0"
dependencies = [
 "recall-proxy-config",
 "recall-proxy-core",
]
